
Microsoft Visual Studio Solution File, Format Version 12.00
# Visual Studio Version 17
VisualStudioVersion = 17.13.35806.99 d17.13
MinimumVisualStudioVersion = 10.0.40219.1
Project("{F2A71F9B-5D33-465A-A702-920D77279786}") = "PersonalInfoMVC", "PersonalInfoMVC\PersonalInfoMVC.fsproj", "{720E0482-B783-469C-9364-D63C1C53C88D}"
EndProject
Global
	GlobalSection(SolutionConfigurationPlatforms) = preSolution
		Debug|Any CPU = Debug|Any CPU
		Release|Any CPU = Release|Any CPU
	EndGlobalSection
	GlobalSection(ProjectConfigurationPlatforms) = postSolution
		{720E0482-B783-469C-9364-D63C1C53C88D}.Debug|Any CPU.ActiveCfg = Debug|Any CPU
		{720E0482-B783-469C-9364-D63C1C53C88D}.Debug|Any CPU.Build.0 = Debug|Any CPU
		{720E0482-B783-469C-9364-D63C1C53C88D}.Release|Any CPU.ActiveCfg = Release|Any CPU
		{720E0482-B783-469C-9364-D63C1C53C88D}.Release|Any CPU.Build.0 = Release|Any CPU
	EndGlobalSection
	GlobalSection(SolutionProperties) = preSolution
		HideSolutionNode = FALSE
	EndGlobalSection
	GlobalSection(ExtensibilityGlobals) = postSolution
		SolutionGuid = {78067460-8E0B-4056-8C42-848BC46AFBBE}
	EndGlobalSection
EndGlobal
